
Microsoft Visual Studio Solution File, Format Version 12.00
# Visual Studio Version 16
VisualStudioVersion = 16.0.30104.148
MinimumVisualStudioVersion = 10.0.40219.1
Project("{FAE04EC0-301F-11D3-BF4B-00C04F79EFBC}") = "JavaScriptAssignment", "JavaScriptAssignment\JavaScriptAssignment.csproj", "{625BEE50-D6DE-4157-880A-22496815740B}"
EndProject
Global
	GlobalSection(SolutionConfigurationPlatforms) = preSolution
		Debug|Any CPU = Debug|Any CPU
		Release|Any CPU = Release|Any CPU
	EndGlobalSection
	GlobalSection(ProjectConfigurationPlatforms) = postSolution
		{625BEE50-D6DE-4157-880A-22496815740B}.Debug|Any CPU.ActiveCfg = Debug|Any CPU
		{625BEE50-D6DE-4157-880A-22496815740B}.Debug|Any CPU.Build.0 = Debug|Any CPU
		{625BEE50-D6DE-4157-880A-22496815740B}.Release|Any CPU.ActiveCfg = Release|Any CPU
		{625BEE50-D6DE-4157-880A-22496815740B}.Release|Any CPU.Build.0 = Release|Any CPU
	EndGlobalSection
	GlobalSection(SolutionProperties) = preSolution
		HideSolutionNode = FALSE
	EndGlobalSection
	GlobalSection(ExtensibilityGlobals) = postSolution
		SolutionGuid = {707113F0-A170-449D-B64E-165559E73610}
	EndGlobalSection
EndGlobal
